
Microsoft Visual Studio Solution File, Format Version 12.00
# Visual Studio Version 17
VisualStudioVersion = 17.4.33213.308
MinimumVisualStudioVersion = 10.0.40219.1
Project("{FAE04EC0-301F-11D3-BF4B-00C04F79EFBC}") = "apricacao", "apricacao.csproj", "{0F60ED30-91E3-4135-8E71-62162591A1BA}"
EndProject
Global
	GlobalSection(SolutionConfigurationPlatforms) = preSolution
		Debug|Any CPU = Debug|Any CPU
		Release|Any CPU = Release|Any CPU
	EndGlobalSection
	GlobalSection(ProjectConfigurationPlatforms) = postSolution
		{0F60ED30-91E3-4135-8E71-62162591A1BA}.Debug|Any CPU.ActiveCfg = Debug|Any CPU
		{0F60ED30-91E3-4135-8E71-62162591A1BA}.Debug|Any CPU.Build.0 = Debug|Any CPU
		{0F60ED30-91E3-4135-8E71-62162591A1BA}.Release|Any CPU.ActiveCfg = Release|Any CPU
		{0F60ED30-91E3-4135-8E71-62162591A1BA}.Release|Any CPU.Build.0 = Release|Any CPU
	EndGlobalSection
	GlobalSection(SolutionProperties) = preSolution
		HideSolutionNode = FALSE
	EndGlobalSection
	GlobalSection(ExtensibilityGlobals) = postSolution
		SolutionGuid = {41F0463E-758E-4671-8E4C-78A949DBC544}
	EndGlobalSection
EndGlobal
